
Microsoft Visual Studio Solution File, Format Version 12.00
# Visual Studio 2013
VisualStudioVersion = 12.0.21005.1
MinimumVisualStudioVersion = 10.0.40219.1
Project("{FAE04EC0-301F-11D3-BF4B-00C04F79EFBC}") = "DailyTaskManager", "DailyTaskManager\DailyTaskManager.csproj", "{8974DD17-F34F-4117-B8A1-AE7A59186F3A}"
EndProject
Project("{FAE04EC0-301F-11D3-BF4B-00C04F79EFBC}") = "DB", "DB\DB.csproj", "{EEA36810-B18C-44EF-8CCF-681391250D16}"
EndProject
Project("{FAE04EC0-301F-11D3-BF4B-00C04F79EFBC}") = "BO", "BO\BO.csproj", "{C795F847-D140-48D7-BF69-C6177CAD600B}"
EndProject
Project("{FAE04EC0-301F-11D3-BF4B-00C04F79EFBC}") = "DTMServices", "DTMServices\DTMServices.csproj", "{59E2E3EC-9E8F-4C5B-859A-B8AD6065480C}"
EndProject
Global
	GlobalSection(SolutionConfigurationPlatforms) = preSolution
		Debug|Any CPU = Debug|Any CPU
		Release|Any CPU = Release|Any CPU
	EndGlobalSection
	GlobalSection(ProjectConfigurationPlatforms) = postSolution
		{8974DD17-F34F-4117-B8A1-AE7A59186F3A}.Debug|Any CPU.ActiveCfg = Debug|Any CPU
		{8974DD17-F34F-4117-B8A1-AE7A59186F3A}.Debug|Any CPU.Build.0 = Debug|Any CPU
		{8974DD17-F34F-4117-B8A1-AE7A59186F3A}.Release|Any CPU.ActiveCfg = Release|Any CPU
		{8974DD17-F34F-4117-B8A1-AE7A59186F3A}.Release|Any CPU.Build.0 = Release|Any CPU
		{EEA36810-B18C-44EF-8CCF-681391250D16}.Debug|Any CPU.ActiveCfg = Debug|Any CPU
		{EEA36810-B18C-44EF-8CCF-681391250D16}.Debug|Any CPU.Build.0 = Debug|Any CPU
		{EEA36810-B18C-44EF-8CCF-681391250D16}.Release|Any CPU.ActiveCfg = Release|Any CPU
		{EEA36810-B18C-44EF-8CCF-681391250D16}.Release|Any CPU.Build.0 = Release|Any CPU
		{C795F847-D140-48D7-BF69-C6177CAD600B}.Debug|Any CPU.ActiveCfg = Debug|Any CPU
		{C795F847-D140-48D7-BF69-C6177CAD600B}.Debug|Any CPU.Build.0 = Debug|Any CPU
		{C795F847-D140-48D7-BF69-C6177CAD600B}.Release|Any CPU.ActiveCfg = Release|Any CPU
		{C795F847-D140-48D7-BF69-C6177CAD600B}.Release|Any CPU.Build.0 = Release|Any CPU
		{59E2E3EC-9E8F-4C5B-859A-B8AD6065480C}.Debug|Any CPU.ActiveCfg = Debug|Any CPU
		{59E2E3EC-9E8F-4C5B-859A-B8AD6065480C}.Debug|Any CPU.Build.0 = Debug|Any CPU
		{59E2E3EC-9E8F-4C5B-859A-B8AD6065480C}.Release|Any CPU.ActiveCfg = Release|Any CPU
		{59E2E3EC-9E8F-4C5B-859A-B8AD6065480C}.Release|Any CPU.Build.0 = Release|Any CPU
	EndGlobalSection
	GlobalSection(SolutionProperties) = preSolution
		HideSolutionNode = FALSE
	EndGlobalSection
EndGlobal
